
Microsoft Visual Studio Solution File, Format Version 12.00
# Visual Studio Version 16
VisualStudioVersion = 16.0.29324.140
MinimumVisualStudioVersion = 10.0.40219.1
Project("{FAE04EC0-301F-11D3-BF4B-00C04F79EFBC}") = "tabtool", "tabtool\tabtool.csproj", "{3EA4F69F-A3E7-439C-BBE1-741D4899B923}"
EndProject
Project("{FAE04EC0-301F-11D3-BF4B-00C04F79EFBC}") = "tabtool.test", "tabtool.test\tabtool.test.csproj", "{003899E1-4651-4E64-964B-AF1BB8A9EDF8}"
EndProject
Global
	GlobalSection(SolutionConfigurationPlatforms) = preSolution
		Debug|Any CPU = Debug|Any CPU
		Release|Any CPU = Release|Any CPU
	EndGlobalSection
	GlobalSection(ProjectConfigurationPlatforms) = postSolution
		{3EA4F69F-A3E7-439C-BBE1-741D4899B923}.Debug|Any CPU.ActiveCfg = Debug|Any CPU
		{3EA4F69F-A3E7-439C-BBE1-741D4899B923}.Debug|Any CPU.Build.0 = Debug|Any CPU
		{3EA4F69F-A3E7-439C-BBE1-741D4899B923}.Release|Any CPU.ActiveCfg = Release|Any CPU
		{3EA4F69F-A3E7-439C-BBE1-741D4899B923}.Release|Any CPU.Build.0 = Release|Any CPU
		{003899E1-4651-4E64-964B-AF1BB8A9EDF8}.Debug|Any CPU.ActiveCfg = Debug|Any CPU
		{003899E1-4651-4E64-964B-AF1BB8A9EDF8}.Debug|Any CPU.Build.0 = Debug|Any CPU
		{003899E1-4651-4E64-964B-AF1BB8A9EDF8}.Release|Any CPU.ActiveCfg = Release|Any CPU
		{003899E1-4651-4E64-964B-AF1BB8A9EDF8}.Release|Any CPU.Build.0 = Release|Any CPU
	EndGlobalSection
	GlobalSection(SolutionProperties) = preSolution
		HideSolutionNode = FALSE
	EndGlobalSection
	GlobalSection(ExtensibilityGlobals) = postSolution
		SolutionGuid = {052C78C0-EFBF-43AB-B5E7-3C6B3B2476B2}
	EndGlobalSection
EndGlobal
